
Microsoft Visual Studio Solution File, Format Version 12.00
# Visual Studio Version 17
VisualStudioVersion = 17.14.36414.22 d17.14
MinimumVisualStudioVersion = 10.0.40219.1
Project("{FAE04EC0-301F-11D3-BF4B-00C04F79EFBC}") = "Hello.API", "Hello.API\Hello.API.csproj", "{84CCFA0E-148F-41C2-9DF7-E1A159B0E6FC}"
EndProject
Project("{FAE04EC0-301F-11D3-BF4B-00C04F79EFBC}") = "Hello.Domain", "Hello.Domain\Hello.Domain.csproj", "{814EB4C9-CD87-43FB-81B1-D20BFFEB2403}"
EndProject
Project("{FAE04EC0-301F-11D3-BF4B-00C04F79EFBC}") = "Hello.Persistence", "Hello.Persistance\Hello.Persistence.csproj", "{EC5B729B-F604-43AD-9038-E4055E881B22}"
EndProject
Project("{FAE04EC0-301F-11D3-BF4B-00C04F79EFBC}") = "Hello.Infrastructure", "Hello.Infrastructure\Hello.Infrastructure.csproj", "{41142600-4356-4F46-ABE4-3A7489C6CE5D}"
EndProject
Project("{FAE04EC0-301F-11D3-BF4B-00C04F79EFBC}") = "Hello.Presentation", "Hello.Presentation\Hello.Presentation.csproj", "{1CC874F4-B7EB-4DCF-94B0-E9C9964CCAEE}"
EndProject
Project("{FAE04EC0-301F-11D3-BF4B-00C04F79EFBC}") = "Hello.Application", "Hello.Application\Hello.Application.csproj", "{D488CE08-4EE1-4DB2-99EF-2BABB651F401}"
EndProject
Project("{2150E333-8FDC-42A3-9474-1A3956D46DE8}") = "Src", "Src", "{02EA681E-C7D8-13C7-8484-4AC65E1B71E8}"
EndProject
Project("{2150E333-8FDC-42A3-9474-1A3956D46DE8}") = "API", "API", "{F79221B0-3A8F-459A-923C-C67BA8EF918B}"
EndProject
Project("{2150E333-8FDC-42A3-9474-1A3956D46DE8}") = "Core", "Core", "{78C58FEF-EEA2-4F6E-A9DE-2D44D95E07C8}"
EndProject
Project("{2150E333-8FDC-42A3-9474-1A3956D46DE8}") = "Infrastructure", "Infrastructure", "{40595222-3222-4555-9555-2A6D2D1CFB8C}"
EndProject
Global
	GlobalSection(SolutionConfigurationPlatforms) = preSolution
		Debug|Any CPU = Debug|Any CPU
		Release|Any CPU = Release|Any CPU
	EndGlobalSection
	GlobalSection(ProjectConfigurationPlatforms) = postSolution
		{84CCFA0E-148F-41C2-9DF7-E1A159B0E6FC}.Debug|Any CPU.ActiveCfg = Debug|Any CPU
		{84CCFA0E-148F-41C2-9DF7-E1A159B0E6FC}.Debug|Any CPU.Build.0 = Debug|Any CPU
		{84CCFA0E-148F-41C2-9DF7-E1A159B0E6FC}.Release|Any CPU.ActiveCfg = Release|Any CPU
		{84CCFA0E-148F-41C2-9DF7-E1A159B0E6FC}.Release|Any CPU.Build.0 = Release|Any CPU
		{814EB4C9-CD87-43FB-81B1-D20BFFEB2403}.Debug|Any CPU.ActiveCfg = Debug|Any CPU
		{814EB4C9-CD87-43FB-81B1-D20BFFEB2403}.Debug|Any CPU.Build.0 = Debug|Any CPU
		{814EB4C9-CD87-43FB-81B1-D20BFFEB2403}.Release|Any CPU.ActiveCfg = Release|Any CPU
		{814EB4C9-CD87-43FB-81B1-D20BFFEB2403}.Release|Any CPU.Build.0 = Release|Any CPU
		{EC5B729B-F604-43AD-9038-E4055E881B22}.Debug|Any CPU.ActiveCfg = Debug|Any CPU
		{EC5B729B-F604-43AD-9038-E4055E881B22}.Debug|Any CPU.Build.0 = Debug|Any CPU
		{EC5B729B-F604-43AD-9038-E4055E881B22}.Release|Any CPU.ActiveCfg = Release|Any CPU
		{EC5B729B-F604-43AD-9038-E4055E881B22}.Release|Any CPU.Build.0 = Release|Any CPU
		{41142600-4356-4F46-ABE4-3A7489C6CE5D}.Debug|Any CPU.ActiveCfg = Debug|Any CPU
		{41142600-4356-4F46-ABE4-3A7489C6CE5D}.Debug|Any CPU.Build.0 = Debug|Any CPU
		{41142600-4356-4F46-ABE4-3A7489C6CE5D}.Release|Any CPU.ActiveCfg = Release|Any CPU
		{41142600-4356-4F46-ABE4-3A7489C6CE5D}.Release|Any CPU.Build.0 = Release|Any CPU
		{1CC874F4-B7EB-4DCF-94B0-E9C9964CCAEE}.Debug|Any CPU.ActiveCfg = Debug|Any CPU
		{1CC874F4-B7EB-4DCF-94B0-E9C9964CCAEE}.Debug|Any CPU.Build.0 = Debug|Any CPU
		{1CC874F4-B7EB-4DCF-94B0-E9C9964CCAEE}.Release|Any CPU.ActiveCfg = Release|Any CPU
		{1CC874F4-B7EB-4DCF-94B0-E9C9964CCAEE}.Release|Any CPU.Build.0 = Release|Any CPU
		{D488CE08-4EE1-4DB2-99EF-2BABB651F401}.Debug|Any CPU.ActiveCfg = Debug|Any CPU
		{D488CE08-4EE1-4DB2-99EF-2BABB651F401}.Debug|Any CPU.Build.0 = Debug|Any CPU
		{D488CE08-4EE1-4DB2-99EF-2BABB651F401}.Release|Any CPU.ActiveCfg = Release|Any CPU
		{D488CE08-4EE1-4DB2-99EF-2BABB651F401}.Release|Any CPU.Build.0 = Release|Any CPU
	EndGlobalSection
	GlobalSection(SolutionProperties) = preSolution
		HideSolutionNode = FALSE
	EndGlobalSection
	GlobalSection(NestedProjects) = preSolution
		{84CCFA0E-148F-41C2-9DF7-E1A159B0E6FC} = {F79221B0-3A8F-459A-923C-C67BA8EF918B}
		{814EB4C9-CD87-43FB-81B1-D20BFFEB2403} = {78C58FEF-EEA2-4F6E-A9DE-2D44D95E07C8}
		{EC5B729B-F604-43AD-9038-E4055E881B22} = {40595222-3222-4555-9555-2A6D2D1CFB8C}
		{41142600-4356-4F46-ABE4-3A7489C6CE5D} = {40595222-3222-4555-9555-2A6D2D1CFB8C}
		{1CC874F4-B7EB-4DCF-94B0-E9C9964CCAEE} = {F79221B0-3A8F-459A-923C-C67BA8EF918B}
		{D488CE08-4EE1-4DB2-99EF-2BABB651F401} = {78C58FEF-EEA2-4F6E-A9DE-2D44D95E07C8}
		{F79221B0-3A8F-459A-923C-C67BA8EF918B} = {02EA681E-C7D8-13C7-8484-4AC65E1B71E8}
		{78C58FEF-EEA2-4F6E-A9DE-2D44D95E07C8} = {02EA681E-C7D8-13C7-8484-4AC65E1B71E8}
		{40595222-3222-4555-9555-2A6D2D1CFB8C} = {02EA681E-C7D8-13C7-8484-4AC65E1B71E8}
	EndGlobalSection
	GlobalSection(ExtensibilityGlobals) = postSolution
		SolutionGuid = {0859256A-3F87-4F59-953E-D77E54839B4B}
	EndGlobalSection
EndGlobal
